// !$*UTF8*$!
{
	archiveVersion = 1;
	classes = {
	};
	objectVersion = 56;
	objects = {

/* Begin PBXBuildFile section */
		568B605E2A7AD98300D5B5D3 /* PROgressApp.swift in Sources */ = {isa = PBXBuildFile; fileRef = 568B605D2A7AD98300D5B5D3 /* PROgressApp.swift */; };
		568B60602A7AD98300D5B5D3 /* NewProgressVideoView.swift in Sources */ = {isa = PBXBuildFile; fileRef = 568B605F2A7AD98300D5B5D3 /* NewProgressVideoView.swift */; };
		568B60622A7AD98400D5B5D3 /* Assets.xcassets in Resources */ = {isa = PBXBuildFile; fileRef = 568B60612A7AD98400D5B5D3 /* Assets.xcassets */; };
		568B60652A7AD98400D5B5D3 /* Preview Assets.xcassets in Resources */ = {isa = PBXBuildFile; fileRef = 568B60642A7AD98400D5B5D3 /* Preview Assets.xcassets */; };
		568B60672A7AD98400D5B5D3 /* Persistence.swift in Sources */ = {isa = PBXBuildFile; fileRef = 568B60662A7AD98400D5B5D3 /* Persistence.swift */; };
		568B606A2A7AD98400D5B5D3 /* PROgress.xcdatamodeld in Sources */ = {isa = PBXBuildFile; fileRef = 568B60682A7AD98400D5B5D3 /* PROgress.xcdatamodeld */; };
		568B60752A7AD98400D5B5D3 /* PROgressTests.swift in Sources */ = {isa = PBXBuildFile; fileRef = 568B60742A7AD98400D5B5D3 /* PROgressTests.swift */; };
		568B607F2A7AD98400D5B5D3 /* PROgressUITests.swift in Sources */ = {isa = PBXBuildFile; fileRef = 568B607E2A7AD98400D5B5D3 /* PROgressUITests.swift */; };
		568B60812A7AD98400D5B5D3 /* PROgressUITestsLaunchTests.swift in Sources */ = {isa = PBXBuildFile; fileRef = 568B60802A7AD98400D5B5D3 /* PROgressUITestsLaunchTests.swift */; };
		568B608F2A7ADE2400D5B5D3 /* EBUniAppsKit in Frameworks */ = {isa = PBXBuildFile; productRef = 568B608E2A7ADE2400D5B5D3 /* EBUniAppsKit */; };
		568B60922A7B8C1600D5B5D3 /* PRLogger.swift in Sources */ = {isa = PBXBuildFile; fileRef = 568B60912A7B8C1600D5B5D3 /* PRLogger.swift */; };
		568B60942A82B36B00D5B5D3 /* NewProgressVideoViewModel.swift in Sources */ = {isa = PBXBuildFile; fileRef = 568B60932A82B36B00D5B5D3 /* NewProgressVideoViewModel.swift */; };
		568B60972A82B3C900D5B5D3 /* ProgressImage.swift in Sources */ = {isa = PBXBuildFile; fileRef = 568B60962A82B3C900D5B5D3 /* ProgressImage.swift */; };
		568B609A2A82B3F700D5B5D3 /* PhotoTransferingError.swift in Sources */ = {isa = PBXBuildFile; fileRef = 568B60992A82B3F700D5B5D3 /* PhotoTransferingError.swift */; };
		568B609F2A84091000D5B5D3 /* Factory in Frameworks */ = {isa = PBXBuildFile; productRef = 568B609E2A84091000D5B5D3 /* Factory */; };
		568B60A22A84099100D5B5D3 /* ImageMergeEngine.swift in Sources */ = {isa = PBXBuildFile; fileRef = 568B60A12A84099100D5B5D3 /* ImageMergeEngine.swift */; };
		568B60A32A84099100D5B5D3 /* ImageMergeEngine.swift in Sources */ = {isa = PBXBuildFile; fileRef = 568B60A12A84099100D5B5D3 /* ImageMergeEngine.swift */; };
		568B60A42A840A6600D5B5D3 /* ProgressImage.swift in Sources */ = {isa = PBXBuildFile; fileRef = 568B60962A82B3C900D5B5D3 /* ProgressImage.swift */; };
		568B60A62A840A6E00D5B5D3 /* ProgressVideo.swift in Sources */ = {isa = PBXBuildFile; fileRef = 568B60A52A840A6E00D5B5D3 /* ProgressVideo.swift */; };
		568B60A72A840A6E00D5B5D3 /* ProgressVideo.swift in Sources */ = {isa = PBXBuildFile; fileRef = 568B60A52A840A6E00D5B5D3 /* ProgressVideo.swift */; };
		568B60AA2A840C2200D5B5D3 /* Container.swift in Sources */ = {isa = PBXBuildFile; fileRef = 568B60A92A840C2200D5B5D3 /* Container.swift */; };
		568B60AB2A840C2200D5B5D3 /* Container.swift in Sources */ = {isa = PBXBuildFile; fileRef = 568B60A92A840C2200D5B5D3 /* Container.swift */; };
		568B60AE2A84C47300D5B5D3 /* ProcessInfo+Extensions.swift in Sources */ = {isa = PBXBuildFile; fileRef = 568B60AD2A84C47300D5B5D3 /* ProcessInfo+Extensions.swift */; };
		568B60AF2A84C47300D5B5D3 /* ProcessInfo+Extensions.swift in Sources */ = {isa = PBXBuildFile; fileRef = 568B60AD2A84C47300D5B5D3 /* ProcessInfo+Extensions.swift */; };
		568B60B12A85034A00D5B5D3 /* NewProgressVideoView+ImageProcessing.swift in Sources */ = {isa = PBXBuildFile; fileRef = 568B60B02A85034A00D5B5D3 /* NewProgressVideoView+ImageProcessing.swift */; };
		568B60B22A85034A00D5B5D3 /* NewProgressVideoView+ImageProcessing.swift in Sources */ = {isa = PBXBuildFile; fileRef = 568B60B02A85034A00D5B5D3 /* NewProgressVideoView+ImageProcessing.swift */; };
		56A554292A87956900E99F65 /* NewProgressVideoPlayerView.swift in Sources */ = {isa = PBXBuildFile; fileRef = 56A554282A87956900E99F65 /* NewProgressVideoPlayerView.swift */; };
		56A5542A2A87956900E99F65 /* NewProgressVideoPlayerView.swift in Sources */ = {isa = PBXBuildFile; fileRef = 56A554282A87956900E99F65 /* NewProgressVideoPlayerView.swift */; };
		56A5542B2A87956900E99F65 /* NewProgressVideoPlayerView.swift in Sources */ = {isa = PBXBuildFile; fileRef = 56A554282A87956900E99F65 /* NewProgressVideoPlayerView.swift */; };
		56A5542D2A87F0FE00E99F65 /* NewProgressVideoView+ReorderImagesDropDelegate.swift in Sources */ = {isa = PBXBuildFile; fileRef = 56A5542C2A87F0FE00E99F65 /* NewProgressVideoView+ReorderImagesDropDelegate.swift */; };
		56A5542E2A87F0FE00E99F65 /* NewProgressVideoView+ReorderImagesDropDelegate.swift in Sources */ = {isa = PBXBuildFile; fileRef = 56A5542C2A87F0FE00E99F65 /* NewProgressVideoView+ReorderImagesDropDelegate.swift */; };
		56A5542F2A87F0FE00E99F65 /* NewProgressVideoView+ReorderImagesDropDelegate.swift in Sources */ = {isa = PBXBuildFile; fileRef = 56A5542C2A87F0FE00E99F65 /* NewProgressVideoView+ReorderImagesDropDelegate.swift */; };
		56A554312A87F23E00E99F65 /* NewProgressVideoView+ImageLoadingSuccessView.swift in Sources */ = {isa = PBXBuildFile; fileRef = 56A554302A87F23E00E99F65 /* NewProgressVideoView+ImageLoadingSuccessView.swift */; };
		56A554322A87F23E00E99F65 /* NewProgressVideoView+ImageLoadingSuccessView.swift in Sources */ = {isa = PBXBuildFile; fileRef = 56A554302A87F23E00E99F65 /* NewProgressVideoView+ImageLoadingSuccessView.swift */; };
		56A554332A87F23E00E99F65 /* NewProgressVideoView+ImageLoadingSuccessView.swift in Sources */ = {isa = PBXBuildFile; fileRef = 56A554302A87F23E00E99F65 /* NewProgressVideoView+ImageLoadingSuccessView.swift */; };
		56A554352A8901C100E99F65 /* VideoAssetWriterConfiguration.swift in Sources */ = {isa = PBXBuildFile; fileRef = 56A554342A8901C100E99F65 /* VideoAssetWriterConfiguration.swift */; };
		56A554362A8901C100E99F65 /* VideoAssetWriterConfiguration.swift in Sources */ = {isa = PBXBuildFile; fileRef = 56A554342A8901C100E99F65 /* VideoAssetWriterConfiguration.swift */; };
		56A554372A8901C100E99F65 /* VideoAssetWriterConfiguration.swift in Sources */ = {isa = PBXBuildFile; fileRef = 56A554342A8901C100E99F65 /* VideoAssetWriterConfiguration.swift */; };
		56A5543A2A8940F400E99F65 /* PhotoLibraryManager.swift in Sources */ = {isa = PBXBuildFile; fileRef = 56A554392A8940F400E99F65 /* PhotoLibraryManager.swift */; };
		56A5543B2A8940F400E99F65 /* PhotoLibraryManager.swift in Sources */ = {isa = PBXBuildFile; fileRef = 56A554392A8940F400E99F65 /* PhotoLibraryManager.swift */; };
		56A5543C2A8940F400E99F65 /* PhotoLibraryManager.swift in Sources */ = {isa = PBXBuildFile; fileRef = 56A554392A8940F400E99F65 /* PhotoLibraryManager.swift */; };
		56A5543E2A8957EB00E99F65 /* NewProgressVideoPlayerViewModel.swift in Sources */ = {isa = PBXBuildFile; fileRef = 56A5543D2A8957EB00E99F65 /* NewProgressVideoPlayerViewModel.swift */; };
		56A5543F2A8957EB00E99F65 /* NewProgressVideoPlayerViewModel.swift in Sources */ = {isa = PBXBuildFile; fileRef = 56A5543D2A8957EB00E99F65 /* NewProgressVideoPlayerViewModel.swift */; };
		56A554402A8957EB00E99F65 /* NewProgressVideoPlayerViewModel.swift in Sources */ = {isa = PBXBuildFile; fileRef = 56A5543D2A8957EB00E99F65 /* NewProgressVideoPlayerViewModel.swift */; };
		56A554422A8BCE8A00E99F65 /* ImageMergeEngine+MergeOptions.swift in Sources */ = {isa = PBXBuildFile; fileRef = 56A554412A8BCE8A00E99F65 /* ImageMergeEngine+MergeOptions.swift */; };
		56A554432A8BCE8A00E99F65 /* ImageMergeEngine+MergeOptions.swift in Sources */ = {isa = PBXBuildFile; fileRef = 56A554412A8BCE8A00E99F65 /* ImageMergeEngine+MergeOptions.swift */; };
		56A554442A8BCE8A00E99F65 /* ImageMergeEngine+MergeOptions.swift in Sources */ = {isa = PBXBuildFile; fileRef = 56A554412A8BCE8A00E99F65 /* ImageMergeEngine+MergeOptions.swift */; };
		56A554462A8BE9A200E99F65 /* CIImage+Extensions.swift in Sources */ = {isa = PBXBuildFile; fileRef = 56A554452A8BE9A200E99F65 /* CIImage+Extensions.swift */; };
		56A554472A8BE9A200E99F65 /* CIImage+Extensions.swift in Sources */ = {isa = PBXBuildFile; fileRef = 56A554452A8BE9A200E99F65 /* CIImage+Extensions.swift */; };
		56A554482A8BE9A200E99F65 /* CIImage+Extensions.swift in Sources */ = {isa = PBXBuildFile; fileRef = 56A554452A8BE9A200E99F65 /* CIImage+Extensions.swift */; };
		56A5544A2A8BE9BE00E99F65 /* AVAssetWriterInput+Extensions.swift in Sources */ = {isa = PBXBuildFile; fileRef = 56A554492A8BE9BE00E99F65 /* AVAssetWriterInput+Extensions.swift */; };
		56A5544B2A8BE9BE00E99F65 /* AVAssetWriterInput+Extensions.swift in Sources */ = {isa = PBXBuildFile; fileRef = 56A554492A8BE9BE00E99F65 /* AVAssetWriterInput+Extensions.swift */; };
		56A5544C2A8BE9BE00E99F65 /* AVAssetWriterInput+Extensions.swift in Sources */ = {isa = PBXBuildFile; fileRef = 56A554492A8BE9BE00E99F65 /* AVAssetWriterInput+Extensions.swift */; };
		56A5544E2A8BEAD900E99F65 /* CVPixelBuffer+Extensions.swift in Sources */ = {isa = PBXBuildFile; fileRef = 56A5544D2A8BEAD900E99F65 /* CVPixelBuffer+Extensions.swift */; };
		56A5544F2A8BEAD900E99F65 /* CVPixelBuffer+Extensions.swift in Sources */ = {isa = PBXBuildFile; fileRef = 56A5544D2A8BEAD900E99F65 /* CVPixelBuffer+Extensions.swift */; };
		56A554502A8BEAD900E99F65 /* CVPixelBuffer+Extensions.swift in Sources */ = {isa = PBXBuildFile; fileRef = 56A5544D2A8BEAD900E99F65 /* CVPixelBuffer+Extensions.swift */; };
		56A554522A8BEB0A00E99F65 /* ImageMergeEngine+MergeError.swift in Sources */ = {isa = PBXBuildFile; fileRef = 56A554512A8BEB0A00E99F65 /* ImageMergeEngine+MergeError.swift */; };
		56A554532A8BEB0A00E99F65 /* ImageMergeEngine+MergeError.swift in Sources */ = {isa = PBXBuildFile; fileRef = 56A554512A8BEB0A00E99F65 /* ImageMergeEngine+MergeError.swift */; };
		56A554542A8BEB0A00E99F65 /* ImageMergeEngine+MergeError.swift in Sources */ = {isa = PBXBuildFile; fileRef = 56A554512A8BEB0A00E99F65 /* ImageMergeEngine+MergeError.swift */; };
		56A554562A8BEB2E00E99F65 /* ImageMergeEngine+State.swift in Sources */ = {isa = PBXBuildFile; fileRef = 56A554552A8BEB2E00E99F65 /* ImageMergeEngine+State.swift */; };
		56A554572A8BEB2E00E99F65 /* ImageMergeEngine+State.swift in Sources */ = {isa = PBXBuildFile; fileRef = 56A554552A8BEB2E00E99F65 /* ImageMergeEngine+State.swift */; };
		56A554582A8BEB2E00E99F65 /* ImageMergeEngine+State.swift in Sources */ = {isa = PBXBuildFile; fileRef = 56A554552A8BEB2E00E99F65 /* ImageMergeEngine+State.swift */; };
		56A5545D2A8CB3D100E99F65 /* ProgressVideosCollectionView.swift in Sources */ = {isa = PBXBuildFile; fileRef = 56A5545C2A8CB3D100E99F65 /* ProgressVideosCollectionView.swift */; };
		56A5545E2A8CB3D100E99F65 /* ProgressVideosCollectionView.swift in Sources */ = {isa = PBXBuildFile; fileRef = 56A5545C2A8CB3D100E99F65 /* ProgressVideosCollectionView.swift */; };
		56A5545F2A8CB3D100E99F65 /* ProgressVideosCollectionView.swift in Sources */ = {isa = PBXBuildFile; fileRef = 56A5545C2A8CB3D100E99F65 /* ProgressVideosCollectionView.swift */; };
		56A554612A8D552300E99F65 /* PhotoAlbumCollection.swift in Sources */ = {isa = PBXBuildFile; fileRef = 56A554602A8D552300E99F65 /* PhotoAlbumCollection.swift */; };
		56A554622A8D552300E99F65 /* PhotoAlbumCollection.swift in Sources */ = {isa = PBXBuildFile; fileRef = 56A554602A8D552300E99F65 /* PhotoAlbumCollection.swift */; };
		56A554632A8D552300E99F65 /* PhotoAlbumCollection.swift in Sources */ = {isa = PBXBuildFile; fileRef = 56A554602A8D552300E99F65 /* PhotoAlbumCollection.swift */; };
		56A554652A8D553200E99F65 /* PhotoAlbum.swift in Sources */ = {isa = PBXBuildFile; fileRef = 56A554642A8D553200E99F65 /* PhotoAlbum.swift */; };
		56A554662A8D553200E99F65 /* PhotoAlbum.swift in Sources */ = {isa = PBXBuildFile; fileRef = 56A554642A8D553200E99F65 /* PhotoAlbum.swift */; };
		56A554672A8D553200E99F65 /* PhotoAlbum.swift in Sources */ = {isa = PBXBuildFile; fileRef = 56A554642A8D553200E99F65 /* PhotoAlbum.swift */; };
		56A5546D2A8E8F4600E99F65 /* NewProgressVideoView+AlbumSelectorView.swift in Sources */ = {isa = PBXBuildFile; fileRef = 56A5546C2A8E8F4600E99F65 /* NewProgressVideoView+AlbumSelectorView.swift */; };
		56A5546E2A8E8F4600E99F65 /* NewProgressVideoView+AlbumSelectorView.swift in Sources */ = {isa = PBXBuildFile; fileRef = 56A5546C2A8E8F4600E99F65 /* NewProgressVideoView+AlbumSelectorView.swift */; };
		56A5546F2A8E8F4600E99F65 /* NewProgressVideoView+AlbumSelectorView.swift in Sources */ = {isa = PBXBuildFile; fileRef = 56A5546C2A8E8F4600E99F65 /* NewProgressVideoView+AlbumSelectorView.swift */; };
		56A554722A8FC14100E99F65 /* PhotoConversionEngine.swift in Sources */ = {isa = PBXBuildFile; fileRef = 56A554712A8FC14100E99F65 /* PhotoConversionEngine.swift */; };
		56A554732A8FC14100E99F65 /* PhotoConversionEngine.swift in Sources */ = {isa = PBXBuildFile; fileRef = 56A554712A8FC14100E99F65 /* PhotoConversionEngine.swift */; };
		56A554742A8FC14100E99F65 /* PhotoConversionEngine.swift in Sources */ = {isa = PBXBuildFile; fileRef = 56A554712A8FC14100E99F65 /* PhotoConversionEngine.swift */; };
		56A5547C2A9210A100E99F65 /* WidgetKit.framework in Frameworks */ = {isa = PBXBuildFile; fileRef = 56A5547B2A9210A100E99F65 /* WidgetKit.framework */; };
		56A5547E2A9210A100E99F65 /* SwiftUI.framework in Frameworks */ = {isa = PBXBuildFile; fileRef = 56A5547D2A9210A100E99F65 /* SwiftUI.framework */; };
		56A554812A9210A100E99F65 /* PROgressActivitiesBundle.swift in Sources */ = {isa = PBXBuildFile; fileRef = 56A554802A9210A100E99F65 /* PROgressActivitiesBundle.swift */; };
		56A554832A9210A100E99F65 /* VideoCreationLiveActivity.swift in Sources */ = {isa = PBXBuildFile; fileRef = 56A554822A9210A100E99F65 /* VideoCreationLiveActivity.swift */; };
		56A554852A9210A100E99F65 /* PROgressActivities.swift in Sources */ = {isa = PBXBuildFile; fileRef = 56A554842A9210A100E99F65 /* PROgressActivities.swift */; };
		56A554882A9210A300E99F65 /* Assets.xcassets in Resources */ = {isa = PBXBuildFile; fileRef = 56A554872A9210A300E99F65 /* Assets.xcassets */; };
		56A5548A2A9210A300E99F65 /* PROgressActivities.intentdefinition in Sources */ = {isa = PBXBuildFile; fileRef = 56A554862A9210A100E99F65 /* PROgressActivities.intentdefinition */; };
		56A5548B2A9210A300E99F65 /* PROgressActivities.intentdefinition in Sources */ = {isa = PBXBuildFile; fileRef = 56A554862A9210A100E99F65 /* PROgressActivities.intentdefinition */; };
		56A5548E2A9210A300E99F65 /* PROgressActivitiesExtension.appex in Embed Foundation Extensions */ = {isa = PBXBuildFile; fileRef = 56A554792A9210A100E99F65 /* PROgressActivitiesExtension.appex */; settings = {ATTRIBUTES = (RemoveHeadersOnCopy, ); }; };
		56A554942A949DAE00E99F65 /* VideoCreationLiveActivityAttributes.swift in Sources */ = {isa = PBXBuildFile; fileRef = 56A554932A949DAE00E99F65 /* VideoCreationLiveActivityAttributes.swift */; };
		56A554952A949DAE00E99F65 /* VideoCreationLiveActivityAttributes.swift in Sources */ = {isa = PBXBuildFile; fileRef = 56A554932A949DAE00E99F65 /* VideoCreationLiveActivityAttributes.swift */; };
		56A554962A949DAE00E99F65 /* VideoCreationLiveActivityAttributes.swift in Sources */ = {isa = PBXBuildFile; fileRef = 56A554932A949DAE00E99F65 /* VideoCreationLiveActivityAttributes.swift */; };
		56A554972A949DAE00E99F65 /* VideoCreationLiveActivityAttributes.swift in Sources */ = {isa = PBXBuildFile; fileRef = 56A554932A949DAE00E99F65 /* VideoCreationLiveActivityAttributes.swift */; };
		56A5549A2A949E3F00E99F65 /* ActivityManager.swift in Sources */ = {isa = PBXBuildFile; fileRef = 56A554992A949E3F00E99F65 /* ActivityManager.swift */; };
		56A5549B2A949E3F00E99F65 /* ActivityManager.swift in Sources */ = {isa = PBXBuildFile; fileRef = 56A554992A949E3F00E99F65 /* ActivityManager.swift */; };
		56A5549C2A949E3F00E99F65 /* ActivityManager.swift in Sources */ = {isa = PBXBuildFile; fileRef = 56A554992A949E3F00E99F65 /* ActivityManager.swift */; };
		56BF34C52A952E9200AFA9E4 /* ActivityThumbnailData.swift in Sources */ = {isa = PBXBuildFile; fileRef = 56BF34C42A952E9200AFA9E4 /* ActivityThumbnailData.swift */; };
		56BF34C62A952E9200AFA9E4 /* ActivityThumbnailData.swift in Sources */ = {isa = PBXBuildFile; fileRef = 56BF34C42A952E9200AFA9E4 /* ActivityThumbnailData.swift */; };
		56BF34C72A952E9200AFA9E4 /* ActivityThumbnailData.swift in Sources */ = {isa = PBXBuildFile; fileRef = 56BF34C42A952E9200AFA9E4 /* ActivityThumbnailData.swift */; };
		56BF34C92A95335400AFA9E4 /* ImageMergeEngine+VideoCreationThumbnailActivityError.swift in Sources */ = {isa = PBXBuildFile; fileRef = 56BF34C82A95335400AFA9E4 /* ImageMergeEngine+VideoCreationThumbnailActivityError.swift */; };
		56BF34CA2A95335400AFA9E4 /* ImageMergeEngine+VideoCreationThumbnailActivityError.swift in Sources */ = {isa = PBXBuildFile; fileRef = 56BF34C82A95335400AFA9E4 /* ImageMergeEngine+VideoCreationThumbnailActivityError.swift */; };
		56BF34CB2A95335400AFA9E4 /* ImageMergeEngine+VideoCreationThumbnailActivityError.swift in Sources */ = {isa = PBXBuildFile; fileRef = 56BF34C82A95335400AFA9E4 /* ImageMergeEngine+VideoCreationThumbnailActivityError.swift */; };
/* End PBXBuildFile section */

/* Begin PBXContainerItemProxy section */
		568B60712A7AD98400D5B5D3 /* PBXContainerItemProxy */ = {
			isa = PBXContainerItemProxy;
			containerPortal = 568B60522A7AD98300D5B5D3 /* Project object */;
			proxyType = 1;
			remoteGlobalIDString = 568B60592A7AD98300D5B5D3;
			remoteInfo = PROgress;
		};
		568B607B2A7AD98400D5B5D3 /* PBXContainerItemProxy */ = {
			isa = PBXContainerItemProxy;
			containerPortal = 568B60522A7AD98300D5B5D3 /* Project object */;
			proxyType = 1;
			remoteGlobalIDString = 568B60592A7AD98300D5B5D3;
			remoteInfo = PROgress;
		};
		56A5548C2A9210A300E99F65 /* PBXContainerItemProxy */ = {
			isa = PBXContainerItemProxy;
			containerPortal = 568B60522A7AD98300D5B5D3 /* Project object */;
			proxyType = 1;
			remoteGlobalIDString = 56A554782A9210A100E99F65;
			remoteInfo = PROgressActivitiesExtension;
		};
/* End PBXContainerItemProxy section */

/* Begin PBXCopyFilesBuildPhase section */
		56A5548F2A9210A300E99F65 /* Embed Foundation Extensions */ = {
			isa = PBXCopyFilesBuildPhase;
			buildActionMask = 2147483647;
			dstPath = "";
			dstSubfolderSpec = 13;
			files = (
				56A5548E2A9210A300E99F65 /* PROgressActivitiesExtension.appex in Embed Foundation Extensions */,
			);
			name = "Embed Foundation Extensions";
			runOnlyForDeploymentPostprocessing = 0;
		};
/* End PBXCopyFilesBuildPhase section */

/* Begin PBXFileReference section */
		568B605A2A7AD98300D5B5D3 /* PROgress.app */ = {isa = PBXFileReference; explicitFileType = wrapper.application; includeInIndex = 0; path = PROgress.app; sourceTree = BUILT_PRODUCTS_DIR; };
		568B605D2A7AD98300D5B5D3 /* PROgressApp.swift */ = {isa = PBXFileReference; lastKnownFileType = sourcecode.swift; path = PROgressApp.swift; sourceTree = "<group>"; };
		568B605F2A7AD98300D5B5D3 /* NewProgressVideoView.swift */ = {isa = PBXFileReference; lastKnownFileType = sourcecode.swift; path = NewProgressVideoView.swift; sourceTree = "<group>"; };
		568B60612A7AD98400D5B5D3 /* Assets.xcassets */ = {isa = PBXFileReference; lastKnownFileType = folder.assetcatalog; path = Assets.xcassets; sourceTree = "<group>"; };
		568B60642A7AD98400D5B5D3 /* Preview Assets.xcassets */ = {isa = PBXFileReference; lastKnownFileType = folder.assetcatalog; path = "Preview Assets.xcassets"; sourceTree = "<group>"; };
		568B60662A7AD98400D5B5D3 /* Persistence.swift */ = {isa = PBXFileReference; lastKnownFileType = sourcecode.swift; path = Persistence.swift; sourceTree = "<group>"; };
		568B60692A7AD98400D5B5D3 /* PROgress.xcdatamodel */ = {isa = PBXFileReference; lastKnownFileType = wrapper.xcdatamodel; path = PROgress.xcdatamodel; sourceTree = "<group>"; };
		568B606B2A7AD98400D5B5D3 /* Info.plist */ = {isa = PBXFileReference; lastKnownFileType = text.plist.xml; path = Info.plist; sourceTree = "<group>"; };
		568B60702A7AD98400D5B5D3 /* PROgressTests.xctest */ = {isa = PBXFileReference; explicitFileType = wrapper.cfbundle; includeInIndex = 0; path = PROgressTests.xctest; sourceTree = BUILT_PRODUCTS_DIR; };
		568B60742A7AD98400D5B5D3 /* PROgressTests.swift */ = {isa = PBXFileReference; lastKnownFileType = sourcecode.swift; path = PROgressTests.swift; sourceTree = "<group>"; };
		568B607A2A7AD98400D5B5D3 /* PROgressUITests.xctest */ = {isa = PBXFileReference; explicitFileType = wrapper.cfbundle; includeInIndex = 0; path = PROgressUITests.xctest; sourceTree = BUILT_PRODUCTS_DIR; };
		568B607E2A7AD98400D5B5D3 /* PROgressUITests.swift */ = {isa = PBXFileReference; lastKnownFileType = sourcecode.swift; path = PROgressUITests.swift; sourceTree = "<group>"; };
		568B60802A7AD98400D5B5D3 /* PROgressUITestsLaunchTests.swift */ = {isa = PBXFileReference; lastKnownFileType = sourcecode.swift; path = PROgressUITestsLaunchTests.swift; sourceTree = "<group>"; };
		568B60912A7B8C1600D5B5D3 /* PRLogger.swift */ = {isa = PBXFileReference; lastKnownFileType = sourcecode.swift; path = PRLogger.swift; sourceTree = "<group>"; };
		568B60932A82B36B00D5B5D3 /* NewProgressVideoViewModel.swift */ = {isa = PBXFileReference; lastKnownFileType = sourcecode.swift; path = NewProgressVideoViewModel.swift; sourceTree = "<group>"; };
		568B60962A82B3C900D5B5D3 /* ProgressImage.swift */ = {isa = PBXFileReference; lastKnownFileType = sourcecode.swift; path = ProgressImage.swift; sourceTree = "<group>"; };
		568B60992A82B3F700D5B5D3 /* PhotoTransferingError.swift */ = {isa = PBXFileReference; lastKnownFileType = sourcecode.swift; path = PhotoTransferingError.swift; sourceTree = "<group>"; };
		568B60A12A84099100D5B5D3 /* ImageMergeEngine.swift */ = {isa = PBXFileReference; lastKnownFileType = sourcecode.swift; path = ImageMergeEngine.swift; sourceTree = "<group>"; };
		568B60A52A840A6E00D5B5D3 /* ProgressVideo.swift */ = {isa = PBXFileReference; lastKnownFileType = sourcecode.swift; path = ProgressVideo.swift; sourceTree = "<group>"; };
		568B60A92A840C2200D5B5D3 /* Container.swift */ = {isa = PBXFileReference; lastKnownFileType = sourcecode.swift; path = Container.swift; sourceTree = "<group>"; };
		568B60AD2A84C47300D5B5D3 /* ProcessInfo+Extensions.swift */ = {isa = PBXFileReference; lastKnownFileType = sourcecode.swift; path = "ProcessInfo+Extensions.swift"; sourceTree = "<group>"; };
		568B60B02A85034A00D5B5D3 /* NewProgressVideoView+ImageProcessing.swift */ = {isa = PBXFileReference; lastKnownFileType = sourcecode.swift; path = "NewProgressVideoView+ImageProcessing.swift"; sourceTree = "<group>"; };
		56A554282A87956900E99F65 /* NewProgressVideoPlayerView.swift */ = {isa = PBXFileReference; lastKnownFileType = sourcecode.swift; path = NewProgressVideoPlayerView.swift; sourceTree = "<group>"; };
		56A5542C2A87F0FE00E99F65 /* NewProgressVideoView+ReorderImagesDropDelegate.swift */ = {isa = PBXFileReference; lastKnownFileType = sourcecode.swift; path = "NewProgressVideoView+ReorderImagesDropDelegate.swift"; sourceTree = "<group>"; };
		56A554302A87F23E00E99F65 /* NewProgressVideoView+ImageLoadingSuccessView.swift */ = {isa = PBXFileReference; lastKnownFileType = sourcecode.swift; path = "NewProgressVideoView+ImageLoadingSuccessView.swift"; sourceTree = "<group>"; };
		56A554342A8901C100E99F65 /* VideoAssetWriterConfiguration.swift */ = {isa = PBXFileReference; lastKnownFileType = sourcecode.swift; path = VideoAssetWriterConfiguration.swift; sourceTree = "<group>"; };
		56A554392A8940F400E99F65 /* PhotoLibraryManager.swift */ = {isa = PBXFileReference; lastKnownFileType = sourcecode.swift; path = PhotoLibraryManager.swift; sourceTree = "<group>"; };
		56A5543D2A8957EB00E99F65 /* NewProgressVideoPlayerViewModel.swift */ = {isa = PBXFileReference; lastKnownFileType = sourcecode.swift; path = NewProgressVideoPlayerViewModel.swift; sourceTree = "<group>"; };
		56A554412A8BCE8A00E99F65 /* ImageMergeEngine+MergeOptions.swift */ = {isa = PBXFileReference; lastKnownFileType = sourcecode.swift; path = "ImageMergeEngine+MergeOptions.swift"; sourceTree = "<group>"; };
		56A554452A8BE9A200E99F65 /* CIImage+Extensions.swift */ = {isa = PBXFileReference; lastKnownFileType = sourcecode.swift; path = "CIImage+Extensions.swift"; sourceTree = "<group>"; };
		56A554492A8BE9BE00E99F65 /* AVAssetWriterInput+Extensions.swift */ = {isa = PBXFileReference; lastKnownFileType = sourcecode.swift; path = "AVAssetWriterInput+Extensions.swift"; sourceTree = "<group>"; };
		56A5544D2A8BEAD900E99F65 /* CVPixelBuffer+Extensions.swift */ = {isa = PBXFileReference; lastKnownFileType = sourcecode.swift; path = "CVPixelBuffer+Extensions.swift"; sourceTree = "<group>"; };
		56A554512A8BEB0A00E99F65 /* ImageMergeEngine+MergeError.swift */ = {isa = PBXFileReference; lastKnownFileType = sourcecode.swift; path = "ImageMergeEngine+MergeError.swift"; sourceTree = "<group>"; };
		56A554552A8BEB2E00E99F65 /* ImageMergeEngine+State.swift */ = {isa = PBXFileReference; lastKnownFileType = sourcecode.swift; path = "ImageMergeEngine+State.swift"; sourceTree = "<group>"; };
		56A5545C2A8CB3D100E99F65 /* ProgressVideosCollectionView.swift */ = {isa = PBXFileReference; lastKnownFileType = sourcecode.swift; path = ProgressVideosCollectionView.swift; sourceTree = "<group>"; };
		56A554602A8D552300E99F65 /* PhotoAlbumCollection.swift */ = {isa = PBXFileReference; lastKnownFileType = sourcecode.swift; path = PhotoAlbumCollection.swift; sourceTree = "<group>"; };
		56A554642A8D553200E99F65 /* PhotoAlbum.swift */ = {isa = PBXFileReference; lastKnownFileType = sourcecode.swift; path = PhotoAlbum.swift; sourceTree = "<group>"; };
		56A5546C2A8E8F4600E99F65 /* NewProgressVideoView+AlbumSelectorView.swift */ = {isa = PBXFileReference; lastKnownFileType = sourcecode.swift; path = "NewProgressVideoView+AlbumSelectorView.swift"; sourceTree = "<group>"; };
		56A554712A8FC14100E99F65 /* PhotoConversionEngine.swift */ = {isa = PBXFileReference; lastKnownFileType = sourcecode.swift; path = PhotoConversionEngine.swift; sourceTree = "<group>"; };
		56A554792A9210A100E99F65 /* PROgressActivitiesExtension.appex */ = {isa = PBXFileReference; explicitFileType = "wrapper.app-extension"; includeInIndex = 0; path = PROgressActivitiesExtension.appex; sourceTree = BUILT_PRODUCTS_DIR; };
		56A5547B2A9210A100E99F65 /* WidgetKit.framework */ = {isa = PBXFileReference; lastKnownFileType = wrapper.framework; name = WidgetKit.framework; path = System/Library/Frameworks/WidgetKit.framework; sourceTree = SDKROOT; };
		56A5547D2A9210A100E99F65 /* SwiftUI.framework */ = {isa = PBXFileReference; lastKnownFileType = wrapper.framework; name = SwiftUI.framework; path = System/Library/Frameworks/SwiftUI.framework; sourceTree = SDKROOT; };
		56A554802A9210A100E99F65 /* PROgressActivitiesBundle.swift */ = {isa = PBXFileReference; lastKnownFileType = sourcecode.swift; path = PROgressActivitiesBundle.swift; sourceTree = "<group>"; };
		56A554822A9210A100E99F65 /* VideoCreationLiveActivity.swift */ = {isa = PBXFileReference; lastKnownFileType = sourcecode.swift; path = VideoCreationLiveActivity.swift; sourceTree = "<group>"; };
		56A554842A9210A100E99F65 /* PROgressActivities.swift */ = {isa = PBXFileReference; lastKnownFileType = sourcecode.swift; path = PROgressActivities.swift; sourceTree = "<group>"; };
		56A554862A9210A100E99F65 /* PROgressActivities.intentdefinition */ = {isa = PBXFileReference; lastKnownFileType = file.intentdefinition; path = PROgressActivities.intentdefinition; sourceTree = "<group>"; };
		56A554872A9210A300E99F65 /* Assets.xcassets */ = {isa = PBXFileReference; lastKnownFileType = folder.assetcatalog; path = Assets.xcassets; sourceTree = "<group>"; };
		56A554892A9210A300E99F65 /* Info.plist */ = {isa = PBXFileReference; lastKnownFileType = text.plist.xml; path = Info.plist; sourceTree = "<group>"; };
		56A554932A949DAE00E99F65 /* VideoCreationLiveActivityAttributes.swift */ = {isa = PBXFileReference; lastKnownFileType = sourcecode.swift; path = VideoCreationLiveActivityAttributes.swift; sourceTree = "<group>"; };
		56A554992A949E3F00E99F65 /* ActivityManager.swift */ = {isa = PBXFileReference; lastKnownFileType = sourcecode.swift; path = ActivityManager.swift; sourceTree = "<group>"; };
		56BF34C42A952E9200AFA9E4 /* ActivityThumbnailData.swift */ = {isa = PBXFileReference; lastKnownFileType = sourcecode.swift; path = ActivityThumbnailData.swift; sourceTree = "<group>"; };
		56BF34C82A95335400AFA9E4 /* ImageMergeEngine+VideoCreationThumbnailActivityError.swift */ = {isa = PBXFileReference; lastKnownFileType = sourcecode.swift; path = "ImageMergeEngine+VideoCreationThumbnailActivityError.swift"; sourceTree = "<group>"; };
		56BF34CC2A953F5900AFA9E4 /* PROgress.entitlements */ = {isa = PBXFileReference; lastKnownFileType = text.plist.entitlements; path = PROgress.entitlements; sourceTree = "<group>"; };
		56BF34CD2A953FA500AFA9E4 /* PROgressActivitiesExtension.entitlements */ = {isa = PBXFileReference; lastKnownFileType = text.plist.entitlements; path = PROgressActivitiesExtension.entitlements; sourceTree = "<group>"; };
/* End PBXFileReference section */

/* Begin PBXFrameworksBuildPhase section */
		568B60572A7AD98300D5B5D3 /* Frameworks */ = {
			isa = PBXFrameworksBuildPhase;
			buildActionMask = 2147483647;
			files = (
				568B608F2A7ADE2400D5B5D3 /* EBUniAppsKit in Frameworks */,
				568B609F2A84091000D5B5D3 /* Factory in Frameworks */,
			);
			runOnlyForDeploymentPostprocessing = 0;
		};
		568B606D2A7AD98400D5B5D3 /* Frameworks */ = {
			isa = PBXFrameworksBuildPhase;
			buildActionMask = 2147483647;
			files = (
			);
			runOnlyForDeploymentPostprocessing = 0;
		};
		568B60772A7AD98400D5B5D3 /* Frameworks */ = {
			isa = PBXFrameworksBuildPhase;
			buildActionMask = 2147483647;
			files = (
			);
			runOnlyForDeploymentPostprocessing = 0;
		};
		56A554762A9210A100E99F65 /* Frameworks */ = {
			isa = PBXFrameworksBuildPhase;
			buildActionMask = 2147483647;
			files = (
				56A5547E2A9210A100E99F65 /* SwiftUI.framework in Frameworks */,
				56A5547C2A9210A100E99F65 /* WidgetKit.framework in Frameworks */,
			);
			runOnlyForDeploymentPostprocessing = 0;
		};
/* End PBXFrameworksBuildPhase section */

/* Begin PBXGroup section */
		568B60512A7AD98300D5B5D3 = {
			isa = PBXGroup;
			children = (
				56BF34CD2A953FA500AFA9E4 /* PROgressActivitiesExtension.entitlements */,
				568B605C2A7AD98300D5B5D3 /* PROgress */,
				568B60732A7AD98400D5B5D3 /* PROgressTests */,
				568B607D2A7AD98400D5B5D3 /* PROgressUITests */,
				56A5547F2A9210A100E99F65 /* PROgressActivities */,
				56A5547A2A9210A100E99F65 /* Frameworks */,
				568B605B2A7AD98300D5B5D3 /* Products */,
			);
			sourceTree = "<group>";
		};
		568B605B2A7AD98300D5B5D3 /* Products */ = {
			isa = PBXGroup;
			children = (
				568B605A2A7AD98300D5B5D3 /* PROgress.app */,
				568B60702A7AD98400D5B5D3 /* PROgressTests.xctest */,
				568B607A2A7AD98400D5B5D3 /* PROgressUITests.xctest */,
				56A554792A9210A100E99F65 /* PROgressActivitiesExtension.appex */,
			);
			name = Products;
			sourceTree = "<group>";
		};
		568B605C2A7AD98300D5B5D3 /* PROgress */ = {
			isa = PBXGroup;
			children = (
				56BF34CC2A953F5900AFA9E4 /* PROgress.entitlements */,
				568B60A82A840C1100D5B5D3 /* Factory */,
				568B60902A7B8C0500D5B5D3 /* Logging */,
				568B605D2A7AD98300D5B5D3 /* PROgressApp.swift */,
				56A5545B2A8CB3A600E99F65 /* Progress Videos Collection */,
				56A554382A8940D800E99F65 /* PhotoLibraryManager */,
				568B60A02A84092600D5B5D3 /* Image Merge Engine */,
				56A554982A949E2B00E99F65 /* Activities */,
				568B609C2A82B4CB00D5B5D3 /* New Progress Video */,
				568B60AC2A84C45E00D5B5D3 /* Extensions */,
				568B60612A7AD98400D5B5D3 /* Assets.xcassets */,
				568B60662A7AD98400D5B5D3 /* Persistence.swift */,
				568B606B2A7AD98400D5B5D3 /* Info.plist */,
				568B60682A7AD98400D5B5D3 /* PROgress.xcdatamodeld */,
				568B60632A7AD98400D5B5D3 /* Preview Content */,
			);
			path = PROgress;
			sourceTree = "<group>";
		};
		568B60632A7AD98400D5B5D3 /* Preview Content */ = {
			isa = PBXGroup;
			children = (
				568B60642A7AD98400D5B5D3 /* Preview Assets.xcassets */,
			);
			path = "Preview Content";
			sourceTree = "<group>";
		};
		568B60732A7AD98400D5B5D3 /* PROgressTests */ = {
			isa = PBXGroup;
			children = (
				568B60742A7AD98400D5B5D3 /* PROgressTests.swift */,
			);
			path = PROgressTests;
			sourceTree = "<group>";
		};
		568B607D2A7AD98400D5B5D3 /* PROgressUITests */ = {
			isa = PBXGroup;
			children = (
				568B607E2A7AD98400D5B5D3 /* PROgressUITests.swift */,
				568B60802A7AD98400D5B5D3 /* PROgressUITestsLaunchTests.swift */,
			);
			path = PROgressUITests;
			sourceTree = "<group>";
		};
		568B60902A7B8C0500D5B5D3 /* Logging */ = {
			isa = PBXGroup;
			children = (
				568B60912A7B8C1600D5B5D3 /* PRLogger.swift */,
			);
			path = Logging;
			sourceTree = "<group>";
		};
		568B609C2A82B4CB00D5B5D3 /* New Progress Video */ = {
			isa = PBXGroup;
			children = (
				56A5545A2A8BEED700E99F65 /* New Video View */,
				56A554592A8BEECD00E99F65 /* New Video Player View */,
			);
			path = "New Progress Video";
			sourceTree = "<group>";
		};
		568B60A02A84092600D5B5D3 /* Image Merge Engine */ = {
			isa = PBXGroup;
			children = (
				56A554702A8FC12600E99F65 /* Photo conversion */,
				568B60962A82B3C900D5B5D3 /* ProgressImage.swift */,
				568B60A52A840A6E00D5B5D3 /* ProgressVideo.swift */,
				568B60A12A84099100D5B5D3 /* ImageMergeEngine.swift */,
				56BF34C42A952E9200AFA9E4 /* ActivityThumbnailData.swift */,
				56A554552A8BEB2E00E99F65 /* ImageMergeEngine+State.swift */,
				56A554412A8BCE8A00E99F65 /* ImageMergeEngine+MergeOptions.swift */,
				56A554512A8BEB0A00E99F65 /* ImageMergeEngine+MergeError.swift */,
				56BF34C82A95335400AFA9E4 /* ImageMergeEngine+VideoCreationThumbnailActivityError.swift */,
				56A554342A8901C100E99F65 /* VideoAssetWriterConfiguration.swift */,
			);
			path = "Image Merge Engine";
			sourceTree = "<group>";
		};
		568B60A82A840C1100D5B5D3 /* Factory */ = {
			isa = PBXGroup;
			children = (
				568B60A92A840C2200D5B5D3 /* Container.swift */,
			);
			path = Factory;
			sourceTree = "<group>";
		};
		568B60AC2A84C45E00D5B5D3 /* Extensions */ = {
			isa = PBXGroup;
			children = (
				56A554492A8BE9BE00E99F65 /* AVAssetWriterInput+Extensions.swift */,
				56A554452A8BE9A200E99F65 /* CIImage+Extensions.swift */,
				56A5544D2A8BEAD900E99F65 /* CVPixelBuffer+Extensions.swift */,
				568B60AD2A84C47300D5B5D3 /* ProcessInfo+Extensions.swift */,
			);
			path = Extensions;
			sourceTree = "<group>";
		};
		56A554382A8940D800E99F65 /* PhotoLibraryManager */ = {
			isa = PBXGroup;
			children = (
				56A554392A8940F400E99F65 /* PhotoLibraryManager.swift */,
				56A554602A8D552300E99F65 /* PhotoAlbumCollection.swift */,
				56A554642A8D553200E99F65 /* PhotoAlbum.swift */,
			);
			path = PhotoLibraryManager;
			sourceTree = "<group>";
		};
		56A554592A8BEECD00E99F65 /* New Video Player View */ = {
			isa = PBXGroup;
			children = (
				56A554282A87956900E99F65 /* NewProgressVideoPlayerView.swift */,
				56A5543D2A8957EB00E99F65 /* NewProgressVideoPlayerViewModel.swift */,
			);
			path = "New Video Player View";
			sourceTree = "<group>";
		};
		56A5545A2A8BEED700E99F65 /* New Video View */ = {
			isa = PBXGroup;
			children = (
				568B605F2A7AD98300D5B5D3 /* NewProgressVideoView.swift */,
				56A5542C2A87F0FE00E99F65 /* NewProgressVideoView+ReorderImagesDropDelegate.swift */,
				56A554302A87F23E00E99F65 /* NewProgressVideoView+ImageLoadingSuccessView.swift */,
				568B60B02A85034A00D5B5D3 /* NewProgressVideoView+ImageProcessing.swift */,
				56A5546C2A8E8F4600E99F65 /* NewProgressVideoView+AlbumSelectorView.swift */,
				568B60992A82B3F700D5B5D3 /* PhotoTransferingError.swift */,
				568B60932A82B36B00D5B5D3 /* NewProgressVideoViewModel.swift */,
			);
			path = "New Video View";
			sourceTree = "<group>";
		};
		56A5545B2A8CB3A600E99F65 /* Progress Videos Collection */ = {
			isa = PBXGroup;
			children = (
				56A5545C2A8CB3D100E99F65 /* ProgressVideosCollectionView.swift */,
			);
			path = "Progress Videos Collection";
			sourceTree = "<group>";
		};
		56A554702A8FC12600E99F65 /* Photo conversion */ = {
			isa = PBXGroup;
			children = (
				56A554712A8FC14100E99F65 /* PhotoConversionEngine.swift */,
			);
			path = "Photo conversion";
			sourceTree = "<group>";
		};
		56A5547A2A9210A100E99F65 /* Frameworks */ = {
			isa = PBXGroup;
			children = (
				56A5547B2A9210A100E99F65 /* WidgetKit.framework */,
				56A5547D2A9210A100E99F65 /* SwiftUI.framework */,
			);
			name = Frameworks;
			sourceTree = "<group>";
		};
		56A5547F2A9210A100E99F65 /* PROgressActivities */ = {
			isa = PBXGroup;
			children = (
				56A554802A9210A100E99F65 /* PROgressActivitiesBundle.swift */,
				56A554822A9210A100E99F65 /* VideoCreationLiveActivity.swift */,
				56A554932A949DAE00E99F65 /* VideoCreationLiveActivityAttributes.swift */,
				56A554842A9210A100E99F65 /* PROgressActivities.swift */,
				56A554862A9210A100E99F65 /* PROgressActivities.intentdefinition */,
				56A554872A9210A300E99F65 /* Assets.xcassets */,
				56A554892A9210A300E99F65 /* Info.plist */,
			);
			path = PROgressActivities;
			sourceTree = "<group>";
		};
		56A554982A949E2B00E99F65 /* Activities */ = {
			isa = PBXGroup;
			children = (
				56A554992A949E3F00E99F65 /* ActivityManager.swift */,
			);
			path = Activities;
			sourceTree = "<group>";
		};
/* End PBXGroup section */

/* Begin PBXNativeTarget section */
		568B60592A7AD98300D5B5D3 /* PROgress */ = {
			isa = PBXNativeTarget;
			buildConfigurationList = 568B60842A7AD98400D5B5D3 /* Build configuration list for PBXNativeTarget "PROgress" */;
			buildPhases = (
				568B60562A7AD98300D5B5D3 /* Sources */,
				568B60572A7AD98300D5B5D3 /* Frameworks */,
				568B60582A7AD98300D5B5D3 /* Resources */,
				56A5548F2A9210A300E99F65 /* Embed Foundation Extensions */,
			);
			buildRules = (
			);
			dependencies = (
				56A5548D2A9210A300E99F65 /* PBXTargetDependency */,
			);
			name = PROgress;
			packageProductDependencies = (
				568B608E2A7ADE2400D5B5D3 /* EBUniAppsKit */,
				568B609E2A84091000D5B5D3 /* Factory */,
			);
			productName = PROgress;
			productReference = 568B605A2A7AD98300D5B5D3 /* PROgress.app */;
			productType = "com.apple.product-type.application";
		};
		568B606F2A7AD98400D5B5D3 /* PROgressTests */ = {
			isa = PBXNativeTarget;
			buildConfigurationList = 568B60872A7AD98400D5B5D3 /* Build configuration list for PBXNativeTarget "PROgressTests" */;
			buildPhases = (
				568B606C2A7AD98400D5B5D3 /* Sources */,
				568B606D2A7AD98400D5B5D3 /* Frameworks */,
				568B606E2A7AD98400D5B5D3 /* Resources */,
			);
			buildRules = (
			);
			dependencies = (
				568B60722A7AD98400D5B5D3 /* PBXTargetDependency */,
			);
			name = PROgressTests;
			productName = PROgressTests;
			productReference = 568B60702A7AD98400D5B5D3 /* PROgressTests.xctest */;
			productType = "com.apple.product-type.bundle.unit-test";
		};
		568B60792A7AD98400D5B5D3 /* PROgressUITests */ = {
			isa = PBXNativeTarget;
			buildConfigurationList = 568B608A2A7AD98400D5B5D3 /* Build configuration list for PBXNativeTarget "PROgressUITests" */;
			buildPhases = (
				568B60762A7AD98400D5B5D3 /* Sources */,
				568B60772A7AD98400D5B5D3 /* Frameworks */,
				568B60782A7AD98400D5B5D3 /* Resources */,
			);
			buildRules = (
			);
			dependencies = (
				568B607C2A7AD98400D5B5D3 /* PBXTargetDependency */,
			);
			name = PROgressUITests;
			productName = PROgressUITests;
			productReference = 568B607A2A7AD98400D5B5D3 /* PROgressUITests.xctest */;
			productType = "com.apple.product-type.bundle.ui-testing";
		};
		56A554782A9210A100E99F65 /* PROgressActivitiesExtension */ = {
			isa = PBXNativeTarget;
			buildConfigurationList = 56A554922A9210A300E99F65 /* Build configuration list for PBXNativeTarget "PROgressActivitiesExtension" */;
			buildPhases = (
				56A554752A9210A100E99F65 /* Sources */,
				56A554762A9210A100E99F65 /* Frameworks */,
				56A554772A9210A100E99F65 /* Resources */,
			);
			buildRules = (
			);
			dependencies = (
			);
			name = PROgressActivitiesExtension;
			productName = PROgressActivitiesExtension;
			productReference = 56A554792A9210A100E99F65 /* PROgressActivitiesExtension.appex */;
			productType = "com.apple.product-type.app-extension";
		};
/* End PBXNativeTarget section */

/* Begin PBXProject section */
		568B60522A7AD98300D5B5D3 /* Project object */ = {
			isa = PBXProject;
			attributes = {
				BuildIndependentTargetsInParallel = 1;
				LastSwiftUpdateCheck = 1430;
				LastUpgradeCheck = 1430;
				TargetAttributes = {
					568B60592A7AD98300D5B5D3 = {
						CreatedOnToolsVersion = 14.3.1;
					};
					568B606F2A7AD98400D5B5D3 = {
						CreatedOnToolsVersion = 14.3.1;
						TestTargetID = 568B60592A7AD98300D5B5D3;
					};
					568B60792A7AD98400D5B5D3 = {
						CreatedOnToolsVersion = 14.3.1;
						TestTargetID = 568B60592A7AD98300D5B5D3;
					};
					56A554782A9210A100E99F65 = {
						CreatedOnToolsVersion = 14.3.1;
					};
				};
			};
			buildConfigurationList = 568B60552A7AD98300D5B5D3 /* Build configuration list for PBXProject "PROgress" */;
			compatibilityVersion = "Xcode 14.0";
			developmentRegion = en;
			hasScannedForEncodings = 0;
			knownRegions = (
				en,
				Base,
			);
			mainGroup = 568B60512A7AD98300D5B5D3;
			packageReferences = (
				568B608D2A7ADE2400D5B5D3 /* XCRemoteSwiftPackageReference "EBUniAppsKit" */,
				568B609D2A84091000D5B5D3 /* XCRemoteSwiftPackageReference "Factory" */,
			);
			productRefGroup = 568B605B2A7AD98300D5B5D3 /* Products */;
			projectDirPath = "";
			projectRoot = "";
			targets = (
				568B60592A7AD98300D5B5D3 /* PROgress */,
				568B606F2A7AD98400D5B5D3 /* PROgressTests */,
				568B60792A7AD98400D5B5D3 /* PROgressUITests */,
				56A554782A9210A100E99F65 /* PROgressActivitiesExtension */,
			);
		};
/* End PBXProject section */

/* Begin PBXResourcesBuildPhase section */
		568B60582A7AD98300D5B5D3 /* Resources */ = {
			isa = PBXResourcesBuildPhase;
			buildActionMask = 2147483647;
			files = (
				568B60652A7AD98400D5B5D3 /* Preview Assets.xcassets in Resources */,
				568B60622A7AD98400D5B5D3 /* Assets.xcassets in Resources */,
			);
			runOnlyForDeploymentPostprocessing = 0;
		};
		568B606E2A7AD98400D5B5D3 /* Resources */ = {
			isa = PBXResourcesBuildPhase;
			buildActionMask = 2147483647;
			files = (
			);
			runOnlyForDeploymentPostprocessing = 0;
		};
		568B60782A7AD98400D5B5D3 /* Resources */ = {
			isa = PBXResourcesBuildPhase;
			buildActionMask = 2147483647;
			files = (
			);
			runOnlyForDeploymentPostprocessing = 0;
		};
		56A554772A9210A100E99F65 /* Resources */ = {
			isa = PBXResourcesBuildPhase;
			buildActionMask = 2147483647;
			files = (
				56A554882A9210A300E99F65 /* Assets.xcassets in Resources */,
			);
			runOnlyForDeploymentPostprocessing = 0;
		};
/* End PBXResourcesBuildPhase section */

/* Begin PBXSourcesBuildPhase section */
		568B60562A7AD98300D5B5D3 /* Sources */ = {
			isa = PBXSourcesBuildPhase;
			buildActionMask = 2147483647;
			files = (
				568B60A62A840A6E00D5B5D3 /* ProgressVideo.swift in Sources */,
				56A554312A87F23E00E99F65 /* NewProgressVideoView+ImageLoadingSuccessView.swift in Sources */,
				56A554562A8BEB2E00E99F65 /* ImageMergeEngine+State.swift in Sources */,
				568B60672A7AD98400D5B5D3 /* Persistence.swift in Sources */,
				568B60602A7AD98300D5B5D3 /* NewProgressVideoView.swift in Sources */,
				568B60922A7B8C1600D5B5D3 /* PRLogger.swift in Sources */,
				56A554292A87956900E99F65 /* NewProgressVideoPlayerView.swift in Sources */,
				56A554522A8BEB0A00E99F65 /* ImageMergeEngine+MergeError.swift in Sources */,
				56A5544E2A8BEAD900E99F65 /* CVPixelBuffer+Extensions.swift in Sources */,
				568B606A2A7AD98400D5B5D3 /* PROgress.xcdatamodeld in Sources */,
				56A554652A8D553200E99F65 /* PhotoAlbum.swift in Sources */,
				56A5542D2A87F0FE00E99F65 /* NewProgressVideoView+ReorderImagesDropDelegate.swift in Sources */,
				568B60AE2A84C47300D5B5D3 /* ProcessInfo+Extensions.swift in Sources */,
				56A5543E2A8957EB00E99F65 /* NewProgressVideoPlayerViewModel.swift in Sources */,
				56A5548B2A9210A300E99F65 /* PROgressActivities.intentdefinition in Sources */,
				56A554352A8901C100E99F65 /* VideoAssetWriterConfiguration.swift in Sources */,
				56A554612A8D552300E99F65 /* PhotoAlbumCollection.swift in Sources */,
				56A5549A2A949E3F00E99F65 /* ActivityManager.swift in Sources */,
				568B60972A82B3C900D5B5D3 /* ProgressImage.swift in Sources */,
				56A554462A8BE9A200E99F65 /* CIImage+Extensions.swift in Sources */,
				56A554722A8FC14100E99F65 /* PhotoConversionEngine.swift in Sources */,
				56BF34C52A952E9200AFA9E4 /* ActivityThumbnailData.swift in Sources */,
				56A554942A949DAE00E99F65 /* VideoCreationLiveActivityAttributes.swift in Sources */,
				568B60A22A84099100D5B5D3 /* ImageMergeEngine.swift in Sources */,
				56BF34C92A95335400AFA9E4 /* ImageMergeEngine+VideoCreationThumbnailActivityError.swift in Sources */,
				568B609A2A82B3F700D5B5D3 /* PhotoTransferingError.swift in Sources */,
				568B60942A82B36B00D5B5D3 /* NewProgressVideoViewModel.swift in Sources */,
				56A5543A2A8940F400E99F65 /* PhotoLibraryManager.swift in Sources */,
				56A5544A2A8BE9BE00E99F65 /* AVAssetWriterInput+Extensions.swift in Sources */,
				568B60B12A85034A00D5B5D3 /* NewProgressVideoView+ImageProcessing.swift in Sources */,
				568B60AA2A840C2200D5B5D3 /* Container.swift in Sources */,
				56A554422A8BCE8A00E99F65 /* ImageMergeEngine+MergeOptions.swift in Sources */,
				56A5546D2A8E8F4600E99F65 /* NewProgressVideoView+AlbumSelectorView.swift in Sources */,
				568B605E2A7AD98300D5B5D3 /* PROgressApp.swift in Sources */,
				56A5545D2A8CB3D100E99F65 /* ProgressVideosCollectionView.swift in Sources */,
			);
			runOnlyForDeploymentPostprocessing = 0;
		};
		568B606C2A7AD98400D5B5D3 /* Sources */ = {
			isa = PBXSourcesBuildPhase;
			buildActionMask = 2147483647;
			files = (
				56A554572A8BEB2E00E99F65 /* ImageMergeEngine+State.swift in Sources */,
				56A5546E2A8E8F4600E99F65 /* NewProgressVideoView+AlbumSelectorView.swift in Sources */,
				56A554532A8BEB0A00E99F65 /* ImageMergeEngine+MergeError.swift in Sources */,
				568B60A32A84099100D5B5D3 /* ImageMergeEngine.swift in Sources */,
				56A554322A87F23E00E99F65 /* NewProgressVideoView+ImageLoadingSuccessView.swift in Sources */,
				56BF34C62A952E9200AFA9E4 /* ActivityThumbnailData.swift in Sources */,
				56A5543B2A8940F400E99F65 /* PhotoLibraryManager.swift in Sources */,
				56A5543F2A8957EB00E99F65 /* NewProgressVideoPlayerViewModel.swift in Sources */,
				56A554362A8901C100E99F65 /* VideoAssetWriterConfiguration.swift in Sources */,
				56A5544F2A8BEAD900E99F65 /* CVPixelBuffer+Extensions.swift in Sources */,
				56A5544B2A8BE9BE00E99F65 /* AVAssetWriterInput+Extensions.swift in Sources */,
				56A5549B2A949E3F00E99F65 /* ActivityManager.swift in Sources */,
				568B60752A7AD98400D5B5D3 /* PROgressTests.swift in Sources */,
				56A554432A8BCE8A00E99F65 /* ImageMergeEngine+MergeOptions.swift in Sources */,
				56A554732A8FC14100E99F65 /* PhotoConversionEngine.swift in Sources */,
				56A5545E2A8CB3D100E99F65 /* ProgressVideosCollectionView.swift in Sources */,
				56A554662A8D553200E99F65 /* PhotoAlbum.swift in Sources */,
				56A554952A949DAE00E99F65 /* VideoCreationLiveActivityAttributes.swift in Sources */,
				56A5542A2A87956900E99F65 /* NewProgressVideoPlayerView.swift in Sources */,
				568B60AB2A840C2200D5B5D3 /* Container.swift in Sources */,
				568B60B22A85034A00D5B5D3 /* NewProgressVideoView+ImageProcessing.swift in Sources */,
				568B60A72A840A6E00D5B5D3 /* ProgressVideo.swift in Sources */,
				56A5542E2A87F0FE00E99F65 /* NewProgressVideoView+ReorderImagesDropDelegate.swift in Sources */,
				56A554472A8BE9A200E99F65 /* CIImage+Extensions.swift in Sources */,
				56BF34CA2A95335400AFA9E4 /* ImageMergeEngine+VideoCreationThumbnailActivityError.swift in Sources */,
				568B60A42A840A6600D5B5D3 /* ProgressImage.swift in Sources */,
				568B60AF2A84C47300D5B5D3 /* ProcessInfo+Extensions.swift in Sources */,
				56A554622A8D552300E99F65 /* PhotoAlbumCollection.swift in Sources */,
			);
			runOnlyForDeploymentPostprocessing = 0;
		};
		568B60762A7AD98400D5B5D3 /* Sources */ = {
			isa = PBXSourcesBuildPhase;
			buildActionMask = 2147483647;
			files = (
				56A554962A949DAE00E99F65 /* VideoCreationLiveActivityAttributes.swift in Sources */,
				56BF34CB2A95335400AFA9E4 /* ImageMergeEngine+VideoCreationThumbnailActivityError.swift in Sources */,
				56A5542F2A87F0FE00E99F65 /* NewProgressVideoView+ReorderImagesDropDelegate.swift in Sources */,
				56A5545F2A8CB3D100E99F65 /* ProgressVideosCollectionView.swift in Sources */,
				56A554332A87F23E00E99F65 /* NewProgressVideoView+ImageLoadingSuccessView.swift in Sources */,
				56A554582A8BEB2E00E99F65 /* ImageMergeEngine+State.swift in Sources */,
				568B60812A7AD98400D5B5D3 /* PROgressUITestsLaunchTests.swift in Sources */,
				56A5543C2A8940F400E99F65 /* PhotoLibraryManager.swift in Sources */,
				56A5542B2A87956900E99F65 /* NewProgressVideoPlayerView.swift in Sources */,
				56A554372A8901C100E99F65 /* VideoAssetWriterConfiguration.swift in Sources */,
				56A5544C2A8BE9BE00E99F65 /* AVAssetWriterInput+Extensions.swift in Sources */,
				568B607F2A7AD98400D5B5D3 /* PROgressUITests.swift in Sources */,
				56A5546F2A8E8F4600E99F65 /* NewProgressVideoView+AlbumSelectorView.swift in Sources */,
				56A554542A8BEB0A00E99F65 /* ImageMergeEngine+MergeError.swift in Sources */,
				56A554672A8D553200E99F65 /* PhotoAlbum.swift in Sources */,
				56A554742A8FC14100E99F65 /* PhotoConversionEngine.swift in Sources */,
				56A554482A8BE9A200E99F65 /* CIImage+Extensions.swift in Sources */,
				56A554632A8D552300E99F65 /* PhotoAlbumCollection.swift in Sources */,
				56A5549C2A949E3F00E99F65 /* ActivityManager.swift in Sources */,
				56A554502A8BEAD900E99F65 /* CVPixelBuffer+Extensions.swift in Sources */,
				56BF34C72A952E9200AFA9E4 /* ActivityThumbnailData.swift in Sources */,
				56A554402A8957EB00E99F65 /* NewProgressVideoPlayerViewModel.swift in Sources */,
				56A554442A8BCE8A00E99F65 /* ImageMergeEngine+MergeOptions.swift in Sources */,
			);
			runOnlyForDeploymentPostprocessing = 0;
		};
		56A554752A9210A100E99F65 /* Sources */ = {
			isa = PBXSourcesBuildPhase;
			buildActionMask = 2147483647;
			files = (
				56A554972A949DAE00E99F65 /* VideoCreationLiveActivityAttributes.swift in Sources */,
				56A554832A9210A100E99F65 /* VideoCreationLiveActivity.swift in Sources */,
				56A554812A9210A100E99F65 /* PROgressActivitiesBundle.swift in Sources */,
				56A5548A2A9210A300E99F65 /* PROgressActivities.intentdefinition in Sources */,
				56A554852A9210A100E99F65 /* PROgressActivities.swift in Sources */,
			);
			runOnlyForDeploymentPostprocessing = 0;
		};
/* End PBXSourcesBuildPhase section */

/* Begin PBXTargetDependency section */
		568B60722A7AD98400D5B5D3 /* PBXTargetDependency */ = {
			isa = PBXTargetDependency;
			target = 568B60592A7AD98300D5B5D3 /* PROgress */;
			targetProxy = 568B60712A7AD98400D5B5D3 /* PBXContainerItemProxy */;
		};
		568B607C2A7AD98400D5B5D3 /* PBXTargetDependency */ = {
			isa = PBXTargetDependency;
			target = 568B60592A7AD98300D5B5D3 /* PROgress */;
			targetProxy = 568B607B2A7AD98400D5B5D3 /* PBXContainerItemProxy */;
		};
		56A5548D2A9210A300E99F65 /* PBXTargetDependency */ = {
			isa = PBXTargetDependency;
			target = 56A554782A9210A100E99F65 /* PROgressActivitiesExtension */;
			targetProxy = 56A5548C2A9210A300E99F65 /* PBXContainerItemProxy */;
		};
/* End PBXTargetDependency section */

/* Begin XCBuildConfiguration section */
		568B60822A7AD98400D5B5D3 /* Debug */ = {
			isa = XCBuildConfiguration;
			buildSettings = {
				ALWAYS_SEARCH_USER_PATHS = NO;
				CLANG_ANALYZER_NONNULL = YES;
				CLANG_ANALYZER_NUMBER_OBJECT_CONVERSION = YES_AGGRESSIVE;
				CLANG_CXX_LANGUAGE_STANDARD = "gnu++20";
				CLANG_ENABLE_MODULES = YES;
				CLANG_ENABLE_OBJC_ARC = YES;
				CLANG_ENABLE_OBJC_WEAK = YES;
				CLANG_WARN_BLOCK_CAPTURE_AUTORELEASING = YES;
				CLANG_WARN_BOOL_CONVERSION = YES;
				CLANG_WARN_COMMA = YES;
				CLANG_WARN_CONSTANT_CONVERSION = YES;
				CLANG_WARN_DEPRECATED_OBJC_IMPLEMENTATIONS = YES;
				CLANG_WARN_DIRECT_OBJC_ISA_USAGE = YES_ERROR;
				CLANG_WARN_DOCUMENTATION_COMMENTS = YES;
				CLANG_WARN_EMPTY_BODY = YES;
				CLANG_WARN_ENUM_CONVERSION = YES;
				CLANG_WARN_INFINITE_RECURSION = YES;
				CLANG_WARN_INT_CONVERSION = YES;
				CLANG_WARN_NON_LITERAL_NULL_CONVERSION = YES;
				CLANG_WARN_OBJC_IMPLICIT_RETAIN_SELF = YES;
				CLANG_WARN_OBJC_LITERAL_CONVERSION = YES;
				CLANG_WARN_OBJC_ROOT_CLASS = YES_ERROR;
				CLANG_WARN_QUOTED_INCLUDE_IN_FRAMEWORK_HEADER = YES;
				CLANG_WARN_RANGE_LOOP_ANALYSIS = YES;
				CLANG_WARN_STRICT_PROTOTYPES = YES;
				CLANG_WARN_SUSPICIOUS_MOVE = YES;
				CLANG_WARN_UNGUARDED_AVAILABILITY = YES_AGGRESSIVE;
				CLANG_WARN_UNREACHABLE_CODE = YES;
				CLANG_WARN__DUPLICATE_METHOD_MATCH = YES;
				COPY_PHASE_STRIP = NO;
				DEBUG_INFORMATION_FORMAT = dwarf;
				ENABLE_STRICT_OBJC_MSGSEND = YES;
				ENABLE_TESTABILITY = YES;
				GCC_C_LANGUAGE_STANDARD = gnu11;
				GCC_DYNAMIC_NO_PIC = NO;
				GCC_NO_COMMON_BLOCKS = YES;
				GCC_OPTIMIZATION_LEVEL = 0;
				GCC_PREPROCESSOR_DEFINITIONS = (
					"DEBUG=1",
					"$(inherited)",
				);
				GCC_WARN_64_TO_32_BIT_CONVERSION = YES;
				GCC_WARN_ABOUT_RETURN_TYPE = YES_ERROR;
				GCC_WARN_UNDECLARED_SELECTOR = YES;
				GCC_WARN_UNINITIALIZED_AUTOS = YES_AGGRESSIVE;
				GCC_WARN_UNUSED_FUNCTION = YES;
				GCC_WARN_UNUSED_VARIABLE = YES;
				IPHONEOS_DEPLOYMENT_TARGET = 16.2;
				MTL_ENABLE_DEBUG_INFO = INCLUDE_SOURCE;
				MTL_FAST_MATH = YES;
				ONLY_ACTIVE_ARCH = YES;
				SDKROOT = iphoneos;
				SWIFT_ACTIVE_COMPILATION_CONDITIONS = DEBUG;
				SWIFT_OPTIMIZATION_LEVEL = "-Onone";
			};
			name = Debug;
		};
		568B60832A7AD98400D5B5D3 /* Release */ = {
			isa = XCBuildConfiguration;
			buildSettings = {
				ALWAYS_SEARCH_USER_PATHS = NO;
				CLANG_ANALYZER_NONNULL = YES;
				CLANG_ANALYZER_NUMBER_OBJECT_CONVERSION = YES_AGGRESSIVE;
				CLANG_CXX_LANGUAGE_STANDARD = "gnu++20";
				CLANG_ENABLE_MODULES = YES;
				CLANG_ENABLE_OBJC_ARC = YES;
				CLANG_ENABLE_OBJC_WEAK = YES;
				CLANG_WARN_BLOCK_CAPTURE_AUTORELEASING = YES;
				CLANG_WARN_BOOL_CONVERSION = YES;
				CLANG_WARN_COMMA = YES;
				CLANG_WARN_CONSTANT_CONVERSION = YES;
				CLANG_WARN_DEPRECATED_OBJC_IMPLEMENTATIONS = YES;
				CLANG_WARN_DIRECT_OBJC_ISA_USAGE = YES_ERROR;
				CLANG_WARN_DOCUMENTATION_COMMENTS = YES;
				CLANG_WARN_EMPTY_BODY = YES;
				CLANG_WARN_ENUM_CONVERSION = YES;
				CLANG_WARN_INFINITE_RECURSION = YES;
				CLANG_WARN_INT_CONVERSION = YES;
				CLANG_WARN_NON_LITERAL_NULL_CONVERSION = YES;
				CLANG_WARN_OBJC_IMPLICIT_RETAIN_SELF = YES;
				CLANG_WARN_OBJC_LITERAL_CONVERSION = YES;
				CLANG_WARN_OBJC_ROOT_CLASS = YES_ERROR;
				CLANG_WARN_QUOTED_INCLUDE_IN_FRAMEWORK_HEADER = YES;
				CLANG_WARN_RANGE_LOOP_ANALYSIS = YES;
				CLANG_WARN_STRICT_PROTOTYPES = YES;
				CLANG_WARN_SUSPICIOUS_MOVE = YES;
				CLANG_WARN_UNGUARDED_AVAILABILITY = YES_AGGRESSIVE;
				CLANG_WARN_UNREACHABLE_CODE = YES;
				CLANG_WARN__DUPLICATE_METHOD_MATCH = YES;
				COPY_PHASE_STRIP = NO;
				DEBUG_INFORMATION_FORMAT = "dwarf-with-dsym";
				ENABLE_NS_ASSERTIONS = NO;
				ENABLE_STRICT_OBJC_MSGSEND = YES;
				GCC_C_LANGUAGE_STANDARD = gnu11;
				GCC_NO_COMMON_BLOCKS = YES;
				GCC_WARN_64_TO_32_BIT_CONVERSION = YES;
				GCC_WARN_ABOUT_RETURN_TYPE = YES_ERROR;
				GCC_WARN_UNDECLARED_SELECTOR = YES;
				GCC_WARN_UNINITIALIZED_AUTOS = YES_AGGRESSIVE;
				GCC_WARN_UNUSED_FUNCTION = YES;
				GCC_WARN_UNUSED_VARIABLE = YES;
				IPHONEOS_DEPLOYMENT_TARGET = 16.2;
				MTL_ENABLE_DEBUG_INFO = NO;
				MTL_FAST_MATH = YES;
				SDKROOT = iphoneos;
				SWIFT_COMPILATION_MODE = wholemodule;
				SWIFT_OPTIMIZATION_LEVEL = "-O";
				VALIDATE_PRODUCT = YES;
			};
			name = Release;
		};
		568B60852A7AD98400D5B5D3 /* Debug */ = {
			isa = XCBuildConfiguration;
			buildSettings = {
				ALWAYS_EMBED_SWIFT_STANDARD_LIBRARIES = YES;
				ASSETCATALOG_COMPILER_APPICON_NAME = AppIcon;
				ASSETCATALOG_COMPILER_GLOBAL_ACCENT_COLOR_NAME = AccentColor;
				CODE_SIGN_ENTITLEMENTS = PROgress/PROgress.entitlements;
				CODE_SIGN_STYLE = Automatic;
				CURRENT_PROJECT_VERSION = 1;
				DEVELOPMENT_ASSET_PATHS = "\"PROgress/Preview Content\"";
				DEVELOPMENT_TEAM = B9J6J6XB6U;
				ENABLE_PREVIEWS = YES;
				GENERATE_INFOPLIST_FILE = YES;
				INFOPLIST_FILE = PROgress/Info.plist;
				INFOPLIST_KEY_NSPhotoLibraryAddUsageDescription = "PROgress needs your permission to create its dedicated video folder and add your progress videos to it.";
				INFOPLIST_KEY_NSPhotoLibraryUsageDescription = "PROgress needs your permission to create its dedicated video folder and add your progress videos to it.";
				INFOPLIST_KEY_NSSupportsLiveActivities = YES;
				INFOPLIST_KEY_UIApplicationSceneManifest_Generation = YES;
				INFOPLIST_KEY_UIApplicationSupportsIndirectInputEvents = YES;
				INFOPLIST_KEY_UILaunchScreen_Generation = YES;
				INFOPLIST_KEY_UISupportedInterfaceOrientations_iPad = "UIInterfaceOrientationPortrait UIInterfaceOrientationPortraitUpsideDown UIInterfaceOrientationLandscapeLeft UIInterfaceOrientationLandscapeRight";
				INFOPLIST_KEY_UISupportedInterfaceOrientations_iPhone = "UIInterfaceOrientationPortrait UIInterfaceOrientationLandscapeLeft UIInterfaceOrientationLandscapeRight";
				LD_RUNPATH_SEARCH_PATHS = (
					"$(inherited)",
					"@executable_path/Frameworks",
				);
				MARKETING_VERSION = 1.0;
				PRODUCT_BUNDLE_IDENTIFIER = com.ebuniapps.PROgress;
				PRODUCT_NAME = "$(TARGET_NAME)";
				SWIFT_EMIT_LOC_STRINGS = YES;
				SWIFT_VERSION = 5.0;
				TARGETED_DEVICE_FAMILY = "1,2";
			};
			name = Debug;
		};
		568B60862A7AD98400D5B5D3 /* Release */ = {
			isa = XCBuildConfiguration;
			buildSettings = {
				ALWAYS_EMBED_SWIFT_STANDARD_LIBRARIES = YES;
				ASSETCATALOG_COMPILER_APPICON_NAME = AppIcon;
				ASSETCATALOG_COMPILER_GLOBAL_ACCENT_COLOR_NAME = AccentColor;
				CODE_SIGN_ENTITLEMENTS = PROgress/PROgress.entitlements;
				CODE_SIGN_STYLE = Automatic;
				CURRENT_PROJECT_VERSION = 1;
				DEVELOPMENT_ASSET_PATHS = "\"PROgress/Preview Content\"";
				DEVELOPMENT_TEAM = B9J6J6XB6U;
				ENABLE_PREVIEWS = YES;
				GENERATE_INFOPLIST_FILE = YES;
				INFOPLIST_FILE = PROgress/Info.plist;
				INFOPLIST_KEY_NSPhotoLibraryAddUsageDescription = "PROgress needs your permission to create its dedicated video folder and add your progress videos to it.";
				INFOPLIST_KEY_NSPhotoLibraryUsageDescription = "PROgress needs your permission to create its dedicated video folder and add your progress videos to it.";
				INFOPLIST_KEY_NSSupportsLiveActivities = YES;
				INFOPLIST_KEY_UIApplicationSceneManifest_Generation = YES;
				INFOPLIST_KEY_UIApplicationSupportsIndirectInputEvents = YES;
				INFOPLIST_KEY_UILaunchScreen_Generation = YES;
				INFOPLIST_KEY_UISupportedInterfaceOrientations_iPad = "UIInterfaceOrientationPortrait UIInterfaceOrientationPortraitUpsideDown UIInterfaceOrientationLandscapeLeft UIInterfaceOrientationLandscapeRight";
				INFOPLIST_KEY_UISupportedInterfaceOrientations_iPhone = "UIInterfaceOrientationPortrait UIInterfaceOrientationLandscapeLeft UIInterfaceOrientationLandscapeRight";
				LD_RUNPATH_SEARCH_PATHS = (
					"$(inherited)",
					"@executable_path/Frameworks",
				);
				MARKETING_VERSION = 1.0;
				PRODUCT_BUNDLE_IDENTIFIER = com.ebuniapps.PROgress;
				PRODUCT_NAME = "$(TARGET_NAME)";
				SWIFT_EMIT_LOC_STRINGS = YES;
				SWIFT_VERSION = 5.0;
				TARGETED_DEVICE_FAMILY = "1,2";
			};
			name = Release;
		};
		568B60882A7AD98400D5B5D3 /* Debug */ = {
			isa = XCBuildConfiguration;
			buildSettings = {
				ALWAYS_EMBED_SWIFT_STANDARD_LIBRARIES = YES;
				BUNDLE_LOADER = "$(TEST_HOST)";
				CODE_SIGN_STYLE = Automatic;
				CURRENT_PROJECT_VERSION = 1;
				DEVELOPMENT_TEAM = B9J6J6XB6U;
				GENERATE_INFOPLIST_FILE = YES;
				IPHONEOS_DEPLOYMENT_TARGET = 16.4;
				MARKETING_VERSION = 1.0;
				PRODUCT_BUNDLE_IDENTIFIER = com.ebuniapps.PROgressTests;
				PRODUCT_NAME = "$(TARGET_NAME)";
				SWIFT_EMIT_LOC_STRINGS = NO;
				SWIFT_VERSION = 5.0;
				TARGETED_DEVICE_FAMILY = "1,2";
				TEST_HOST = "$(BUILT_PRODUCTS_DIR)/PROgress.app/$(BUNDLE_EXECUTABLE_FOLDER_PATH)/PROgress";
			};
			name = Debug;
		};
		568B60892A7AD98400D5B5D3 /* Release */ = {
			isa = XCBuildConfiguration;
			buildSettings = {
				ALWAYS_EMBED_SWIFT_STANDARD_LIBRARIES = YES;
				BUNDLE_LOADER = "$(TEST_HOST)";
				CODE_SIGN_STYLE = Automatic;
				CURRENT_PROJECT_VERSION = 1;
				DEVELOPMENT_TEAM = B9J6J6XB6U;
				GENERATE_INFOPLIST_FILE = YES;
				IPHONEOS_DEPLOYMENT_TARGET = 16.4;
				MARKETING_VERSION = 1.0;
				PRODUCT_BUNDLE_IDENTIFIER = com.ebuniapps.PROgressTests;
				PRODUCT_NAME = "$(TARGET_NAME)";
				SWIFT_EMIT_LOC_STRINGS = NO;
				SWIFT_VERSION = 5.0;
				TARGETED_DEVICE_FAMILY = "1,2";
				TEST_HOST = "$(BUILT_PRODUCTS_DIR)/PROgress.app/$(BUNDLE_EXECUTABLE_FOLDER_PATH)/PROgress";
			};
			name = Release;
		};
		568B608B2A7AD98400D5B5D3 /* Debug */ = {
			isa = XCBuildConfiguration;
			buildSettings = {
				ALWAYS_EMBED_SWIFT_STANDARD_LIBRARIES = YES;
				CODE_SIGN_STYLE = Automatic;
				CURRENT_PROJECT_VERSION = 1;
				DEVELOPMENT_TEAM = B9J6J6XB6U;
				GENERATE_INFOPLIST_FILE = YES;
				MARKETING_VERSION = 1.0;
				PRODUCT_BUNDLE_IDENTIFIER = com.ebuniapps.PROgressUITests;
				PRODUCT_NAME = "$(TARGET_NAME)";
				SWIFT_EMIT_LOC_STRINGS = NO;
				SWIFT_VERSION = 5.0;
				TARGETED_DEVICE_FAMILY = "1,2";
				TEST_TARGET_NAME = PROgress;
			};
			name = Debug;
		};
		568B608C2A7AD98400D5B5D3 /* Release */ = {
			isa = XCBuildConfiguration;
			buildSettings = {
				ALWAYS_EMBED_SWIFT_STANDARD_LIBRARIES = YES;
				CODE_SIGN_STYLE = Automatic;
				CURRENT_PROJECT_VERSION = 1;
				DEVELOPMENT_TEAM = B9J6J6XB6U;
				GENERATE_INFOPLIST_FILE = YES;
				MARKETING_VERSION = 1.0;
				PRODUCT_BUNDLE_IDENTIFIER = com.ebuniapps.PROgressUITests;
				PRODUCT_NAME = "$(TARGET_NAME)";
				SWIFT_EMIT_LOC_STRINGS = NO;
				SWIFT_VERSION = 5.0;
				TARGETED_DEVICE_FAMILY = "1,2";
				TEST_TARGET_NAME = PROgress;
			};
			name = Release;
		};
		56A554902A9210A300E99F65 /* Debug */ = {
			isa = XCBuildConfiguration;
			buildSettings = {
				ASSETCATALOG_COMPILER_GLOBAL_ACCENT_COLOR_NAME = AccentColor;
				ASSETCATALOG_COMPILER_WIDGET_BACKGROUND_COLOR_NAME = WidgetBackground;
				CODE_SIGN_ENTITLEMENTS = PROgressActivitiesExtension.entitlements;
				CODE_SIGN_STYLE = Automatic;
				CURRENT_PROJECT_VERSION = 1;
				DEVELOPMENT_TEAM = B9J6J6XB6U;
				GENERATE_INFOPLIST_FILE = YES;
				INFOPLIST_FILE = PROgressActivities/Info.plist;
				INFOPLIST_KEY_CFBundleDisplayName = PROgressActivities;
				INFOPLIST_KEY_NSHumanReadableCopyright = "";
				IPHONEOS_DEPLOYMENT_TARGET = 16.4;
				LD_RUNPATH_SEARCH_PATHS = (
					"$(inherited)",
					"@executable_path/Frameworks",
					"@executable_path/../../Frameworks",
				);
				MARKETING_VERSION = 1.0;
				PRODUCT_BUNDLE_IDENTIFIER = com.ebuniapps.PROgress.PROgressActivities;
				PRODUCT_NAME = "$(TARGET_NAME)";
				SKIP_INSTALL = YES;
				SWIFT_EMIT_LOC_STRINGS = YES;
				SWIFT_VERSION = 5.0;
				TARGETED_DEVICE_FAMILY = "1,2";
			};
			name = Debug;
		};
		56A554912A9210A300E99F65 /* Release */ = {
			isa = XCBuildConfiguration;
			buildSettings = {
				ASSETCATALOG_COMPILER_GLOBAL_ACCENT_COLOR_NAME = AccentColor;
				ASSETCATALOG_COMPILER_WIDGET_BACKGROUND_COLOR_NAME = WidgetBackground;
				CODE_SIGN_ENTITLEMENTS = PROgressActivitiesExtension.entitlements;
				CODE_SIGN_STYLE = Automatic;
				CURRENT_PROJECT_VERSION = 1;
				DEVELOPMENT_TEAM = B9J6J6XB6U;
				GENERATE_INFOPLIST_FILE = YES;
				INFOPLIST_FILE = PROgressActivities/Info.plist;
				INFOPLIST_KEY_CFBundleDisplayName = PROgressActivities;
				INFOPLIST_KEY_NSHumanReadableCopyright = "";
				IPHONEOS_DEPLOYMENT_TARGET = 16.4;
				LD_RUNPATH_SEARCH_PATHS = (
					"$(inherited)",
					"@executable_path/Frameworks",
					"@executable_path/../../Frameworks",
				);
				MARKETING_VERSION = 1.0;
				PRODUCT_BUNDLE_IDENTIFIER = com.ebuniapps.PROgress.PROgressActivities;
				PRODUCT_NAME = "$(TARGET_NAME)";
				SKIP_INSTALL = YES;
				SWIFT_EMIT_LOC_STRINGS = YES;
				SWIFT_VERSION = 5.0;
				TARGETED_DEVICE_FAMILY = "1,2";
			};
			name = Release;
		};
/* End XCBuildConfiguration section */

/* Begin XCConfigurationList section */
		568B60552A7AD98300D5B5D3 /* Build configuration list for PBXProject "PROgress" */ = {
			isa = XCConfigurationList;
			buildConfigurations = (
				568B60822A7AD98400D5B5D3 /* Debug */,
				568B60832A7AD98400D5B5D3 /* Release */,
			);
			defaultConfigurationIsVisible = 0;
			defaultConfigurationName = Release;
		};
		568B60842A7AD98400D5B5D3 /* Build configuration list for PBXNativeTarget "PROgress" */ = {
			isa = XCConfigurationList;
			buildConfigurations = (
				568B60852A7AD98400D5B5D3 /* Debug */,
				568B60862A7AD98400D5B5D3 /* Release */,
			);
			defaultConfigurationIsVisible = 0;
			defaultConfigurationName = Release;
		};
		568B60872A7AD98400D5B5D3 /* Build configuration list for PBXNativeTarget "PROgressTests" */ = {
			isa = XCConfigurationList;
			buildConfigurations = (
				568B60882A7AD98400D5B5D3 /* Debug */,
				568B60892A7AD98400D5B5D3 /* Release */,
			);
			defaultConfigurationIsVisible = 0;
			defaultConfigurationName = Release;
		};
		568B608A2A7AD98400D5B5D3 /* Build configuration list for PBXNativeTarget "PROgressUITests" */ = {
			isa = XCConfigurationList;
			buildConfigurations = (
				568B608B2A7AD98400D5B5D3 /* Debug */,
				568B608C2A7AD98400D5B5D3 /* Release */,
			);
			defaultConfigurationIsVisible = 0;
			defaultConfigurationName = Release;
		};
		56A554922A9210A300E99F65 /* Build configuration list for PBXNativeTarget "PROgressActivitiesExtension" */ = {
			isa = XCConfigurationList;
			buildConfigurations = (
				56A554902A9210A300E99F65 /* Debug */,
				56A554912A9210A300E99F65 /* Release */,
			);
			defaultConfigurationIsVisible = 0;
			defaultConfigurationName = Release;
		};
/* End XCConfigurationList section */

/* Begin XCRemoteSwiftPackageReference section */
		568B608D2A7ADE2400D5B5D3 /* XCRemoteSwiftPackageReference "EBUniAppsKit" */ = {
			isa = XCRemoteSwiftPackageReference;
			repositoryURL = "https://github.com/balazserd/EBUniAppsKit";
			requirement = {
				kind = upToNextMajorVersion;
				minimumVersion = 0.0.0;
			};
		};
		568B609D2A84091000D5B5D3 /* XCRemoteSwiftPackageReference "Factory" */ = {
			isa = XCRemoteSwiftPackageReference;
			repositoryURL = "https://github.com/hmlongco/Factory";
			requirement = {
				kind = upToNextMajorVersion;
				minimumVersion = 2.0.0;
			};
		};
/* End XCRemoteSwiftPackageReference section */

/* Begin XCSwiftPackageProductDependency section */
		568B608E2A7ADE2400D5B5D3 /* EBUniAppsKit */ = {
			isa = XCSwiftPackageProductDependency;
			package = 568B608D2A7ADE2400D5B5D3 /* XCRemoteSwiftPackageReference "EBUniAppsKit" */;
			productName = EBUniAppsKit;
		};
		568B609E2A84091000D5B5D3 /* Factory */ = {
			isa = XCSwiftPackageProductDependency;
			package = 568B609D2A84091000D5B5D3 /* XCRemoteSwiftPackageReference "Factory" */;
			productName = Factory;
		};
/* End XCSwiftPackageProductDependency section */

/* Begin XCVersionGroup section */
		568B60682A7AD98400D5B5D3 /* PROgress.xcdatamodeld */ = {
			isa = XCVersionGroup;
			children = (
				568B60692A7AD98400D5B5D3 /* PROgress.xcdatamodel */,
			);
			currentVersion = 568B60692A7AD98400D5B5D3 /* PROgress.xcdatamodel */;
			path = PROgress.xcdatamodeld;
			sourceTree = "<group>";
			versionGroupType = wrapper.xcdatamodel;
		};
/* End XCVersionGroup section */
	};
	rootObject = 568B60522A7AD98300D5B5D3 /* Project object */;
}
