{
  "originHash" : "29535959acadd1936d4787d03424394a1ea8fa4f2c5d640b3ff2d68aadf21460",
  "pins" : [
    {
      "identity" : "ebuniappskit",
      "kind" : "remoteSourceControl",
      "location" : "https://github.com/balazserd/EBUniAppsKit",
      "state" : {
        "revision" : "07648efc16b09fb78264cd1b33e6bf08461c752d",
        "version" : "0.0.16"
      }
    },
    {
      "identity" : "factory",
      "kind" : "remoteSourceControl",
      "location" : "https://github.com/hmlongco/Factory",
      "state" : {
        "revision" : "061b3afe0358a0da7ce568f8272c847910be3dd7",
        "version" : "2.2.0"
      }
    },
    {
      "identity" : "swift-syntax",
      "kind" : "remoteSourceControl",
      "location" : "https://github.com/apple/swift-syntax.git",
      "state" : {
        "revision" : "64889f0c732f210a935a0ad7cda38f77f876262d",
        "version" : "509.1.1"
      }
    }
  ],
  "version" : 3
}
