{
  "pins" : [
    {
      "identity" : "ebuniappskit",
      "kind" : "remoteSourceControl",
      "location" : "https://github.com/balazserd/EBUniAppsKit",
      "state" : {
        "revision" : "2cc624d306b552076270653b7e5e1dfa8ba94c29",
        "version" : "0.0.7"
      }
    },
    {
      "identity" : "factory",
      "kind" : "remoteSourceControl",
      "location" : "https://github.com/hmlongco/Factory",
      "state" : {
        "revision" : "061b3afe0358a0da7ce568f8272c847910be3dd7",
        "version" : "2.2.0"
      }
    }
  ],
  "version" : 2
}
