{
  "pins" : [
    {
      "identity" : "ebuniappskit",
      "kind" : "remoteSourceControl",
      "location" : "https://github.com/balazserd/EBUniAppsKit",
      "state" : {
        "revision" : "889e539d9386002957088ae0c93b5ff85ff1c4d6",
        "version" : "0.0.11"
      }
    },
    {
      "identity" : "factory",
      "kind" : "remoteSourceControl",
      "location" : "https://github.com/hmlongco/Factory",
      "state" : {
        "revision" : "061b3afe0358a0da7ce568f8272c847910be3dd7",
        "version" : "2.2.0"
      }
    }
  ],
  "version" : 2
}
